# THIS IS AN AUTOGENERATED FILE. DO NOT EDIT THIS FILE DIRECTLY.
# yarn lockfile v1


"@fndebrid/electron-common@file:../common":
  version "1.0.0"
  dependencies:
    lodash "^4.17.15"
    winreg "^1.2.4"

"@types/axios@^0.14.0":
  version "0.14.0"
  resolved "https://registry.yarnpkg.com/@types/axios/-/axios-0.14.0.tgz#ec2300fbe7d7dddd7eb9d3abf87999964cafce46"
  dependencies:
    axios "*"

"@types/magnet-uri@*":
  version "5.1.2"
  resolved "https://registry.yarnpkg.com/@types/magnet-uri/-/magnet-uri-5.1.2.tgz#7860417399d52ddc0be1021d570b4ac93ffc133e"
  dependencies:
    "@types/node" "*"

"@types/node-fetch@^2.5.2":
  version "2.5.2"
  resolved "https://registry.yarnpkg.com/@types/node-fetch/-/node-fetch-2.5.2.tgz#76906dea5b3d6901e50e63e15249c9bcd6e9676e"
  dependencies:
    "@types/node" "*"

"@types/node@*":
  version "12.11.5"
  resolved "https://registry.yarnpkg.com/@types/node/-/node-12.11.5.tgz#6c3c8dc84988aff11fd2a63d7b5fbf39eaaab7b1"

"@types/parse-torrent-file@*":
  version "4.0.2"
  resolved "https://registry.yarnpkg.com/@types/parse-torrent-file/-/parse-torrent-file-4.0.2.tgz#40c96fc075aec256514807c6c381d11d9035bd9e"
  dependencies:
    "@types/node" "*"

"@types/parse-torrent@^5.8.3":
  version "5.8.3"
  resolved "https://registry.yarnpkg.com/@types/parse-torrent/-/parse-torrent-5.8.3.tgz#ff4e987d09ad27ccc1c8893b3a2c6a31a3bc4042"
  dependencies:
    "@types/magnet-uri" "*"
    "@types/node" "*"
    "@types/parse-torrent-file" "*"

axios@*, axios@^0.19.0:
  version "0.19.0"
  resolved "https://registry.yarnpkg.com/axios/-/axios-0.19.0.tgz#8e09bff3d9122e133f7b8101c8fbdd00ed3d2ab8"
  dependencies:
    follow-redirects "1.5.10"
    is-buffer "^2.0.2"

bencode@^2.0.0:
  version "2.0.1"
  resolved "https://registry.yarnpkg.com/bencode/-/bencode-2.0.1.tgz#667a6a31c5e038d558608333da6b7c94e836c85b"
  dependencies:
    safe-buffer "^5.1.1"

blob-to-buffer@^1.2.6:
  version "1.2.8"
  resolved "https://registry.yarnpkg.com/blob-to-buffer/-/blob-to-buffer-1.2.8.tgz#78eeeb332f1280ed0ca6fb2b60693a8c6d36903a"

debug@=3.1.0:
  version "3.1.0"
  resolved "https://registry.yarnpkg.com/debug/-/debug-3.1.0.tgz#5bb5a0672628b64149566ba16819e61518c67261"
  dependencies:
    ms "2.0.0"

decompress-response@^4.2.0:
  version "4.2.1"
  resolved "https://registry.yarnpkg.com/decompress-response/-/decompress-response-4.2.1.tgz#414023cc7a302da25ce2ec82d0d5238ccafd8986"
  dependencies:
    mimic-response "^2.0.0"

follow-redirects@1.5.10:
  version "1.5.10"
  resolved "https://registry.yarnpkg.com/follow-redirects/-/follow-redirects-1.5.10.tgz#7b7a9f9aea2fdff36786a94ff643ed07f4ff5e2a"
  dependencies:
    debug "=3.1.0"

get-stdin@^7.0.0:
  version "7.0.0"
  resolved "https://registry.yarnpkg.com/get-stdin/-/get-stdin-7.0.0.tgz#8d5de98f15171a125c5e516643c7a6d0ea8a96f6"

is-buffer@^2.0.2:
  version "2.0.4"
  resolved "https://registry.yarnpkg.com/is-buffer/-/is-buffer-2.0.4.tgz#3e572f23c8411a5cfd9557c849e3665e0b290623"

lodash@^4.17.15:
  version "4.17.15"
  resolved "https://registry.yarnpkg.com/lodash/-/lodash-4.17.15.tgz#b447f6670a0455bbfeedd11392eff330ea097548"

magnet-uri@^5.1.3:
  version "5.2.4"
  resolved "https://registry.yarnpkg.com/magnet-uri/-/magnet-uri-5.2.4.tgz#7afe5b736af04445aff744c93a890a3710077688"
  dependencies:
    thirty-two "^1.0.1"
    uniq "^1.0.1"

mimic-response@^2.0.0:
  version "2.0.0"
  resolved "https://registry.yarnpkg.com/mimic-response/-/mimic-response-2.0.0.tgz#996a51c60adf12cb8a87d7fb8ef24c2f3d5ebb46"

ms@2.0.0:
  version "2.0.0"
  resolved "https://registry.yarnpkg.com/ms/-/ms-2.0.0.tgz#5608aeadfc00be6c2901df5f9861788de0d597c8"

node-fetch@^2.6.0:
  version "2.6.0"
  resolved "https://registry.yarnpkg.com/node-fetch/-/node-fetch-2.6.0.tgz#e633456386d4aa55863f676a7ab0daa8fdecb0fd"

once@^1.3.1:
  version "1.4.0"
  resolved "https://registry.yarnpkg.com/once/-/once-1.4.0.tgz#583b1aa775961d4b113ac17d9c50baef9dd76bd1"
  dependencies:
    wrappy "1"

parse-torrent@^7.0.1:
  version "7.0.1"
  resolved "https://registry.yarnpkg.com/parse-torrent/-/parse-torrent-7.0.1.tgz#669c51a95363550055c7de0957741d6a05575daf"
  dependencies:
    bencode "^2.0.0"
    blob-to-buffer "^1.2.6"
    get-stdin "^7.0.0"
    magnet-uri "^5.1.3"
    simple-get "^3.0.1"
    simple-sha1 "^3.0.0"
    uniq "^1.0.1"

queue-microtask@^1.1.2:
  version "1.1.2"
  resolved "https://registry.yarnpkg.com/queue-microtask/-/queue-microtask-1.1.2.tgz#139bf8186db0c545017ec66c2664ac646d5c571e"

rusha@^0.8.1:
  version "0.8.13"
  resolved "https://registry.yarnpkg.com/rusha/-/rusha-0.8.13.tgz#9a084e7b860b17bff3015b92c67a6a336191513a"

safe-buffer@^5.1.1:
  version "5.2.0"
  resolved "https://registry.yarnpkg.com/safe-buffer/-/safe-buffer-5.2.0.tgz#b74daec49b1148f88c64b68d49b1e815c1f2f519"

simple-concat@^1.0.0:
  version "1.0.0"
  resolved "https://registry.yarnpkg.com/simple-concat/-/simple-concat-1.0.0.tgz#7344cbb8b6e26fb27d66b2fc86f9f6d5997521c6"

simple-get@^3.0.1:
  version "3.1.0"
  resolved "https://registry.yarnpkg.com/simple-get/-/simple-get-3.1.0.tgz#b45be062435e50d159540b576202ceec40b9c6b3"
  dependencies:
    decompress-response "^4.2.0"
    once "^1.3.1"
    simple-concat "^1.0.0"

simple-sha1@^3.0.0:
  version "3.0.1"
  resolved "https://registry.yarnpkg.com/simple-sha1/-/simple-sha1-3.0.1.tgz#b34c3c978d74ac4baf99b6555c1e6736e0d6e700"
  dependencies:
    queue-microtask "^1.1.2"
    rusha "^0.8.1"

thirty-two@^1.0.1:
  version "1.0.2"
  resolved "https://registry.yarnpkg.com/thirty-two/-/thirty-two-1.0.2.tgz#4ca2fffc02a51290d2744b9e3f557693ca6b627a"

uniq@^1.0.1:
  version "1.0.1"
  resolved "https://registry.yarnpkg.com/uniq/-/uniq-1.0.1.tgz#b31c5ae8254844a3a8281541ce2b04b865a734ff"

winreg@^1.2.4:
  version "1.2.4"
  resolved "https://registry.yarnpkg.com/winreg/-/winreg-1.2.4.tgz#ba065629b7a925130e15779108cf540990e98d1b"

wrappy@1:
  version "1.0.2"
  resolved "https://registry.yarnpkg.com/wrappy/-/wrappy-1.0.2.tgz#b5243d8f3ec1aa35f1364605bc0d1036e30ab69f"
