{
  "name": "@fndebrid/store",
  "version": "1.0.0",
  "lockfileVersion": 1,
  "requires": true,
  "dependencies": {
    "@babel/runtime": {
      "version": "7.6.3",
      "resolved": "https://registry.npmjs.org/@babel/runtime/-/runtime-7.6.3.tgz",
      "integrity": "sha512-kq6anf9JGjW8Nt5rYfEuGRaEAaH1mkv3Bbu6rYvLOpPh/RusSJXuKPEAoZ7L7gybZkchE8+NV5g9vKF4AGAtsA==",
      "requires": {
        "regenerator-runtime": "^0.13.2"
      }
    },
    "@fndebrid/common": {
      "version": "file:../common"
    },
    "@fndebrid/real-debrid": {
      "version": "file:../real-debrid",
      "dependencies": {
        "@fndebrid/common": {}
      }
    },
    "@redux-saga/core": {
      "version": "1.1.1",
      "resolved": "https://registry.npmjs.org/@redux-saga/core/-/core-1.1.1.tgz",
      "integrity": "sha512-WKXfj2cYkP0eh74dE1ueMjVDoGJIkppXiMFgx0buVRkXENeZmRxIjM4lh9LEWWFqay7I/Qkw7+cMossa7xXoAQ==",
      "requires": {
        "@babel/runtime": "^7.6.0",
        "@redux-saga/deferred": "^1.1.0",
        "@redux-saga/delay-p": "^1.1.0",
        "@redux-saga/is": "^1.1.0",
        "@redux-saga/symbols": "^1.1.0",
        "@redux-saga/types": "^1.1.0",
        "redux": "^4.0.4",
        "typescript-tuple": "^2.2.1"
      }
    },
    "@redux-saga/deferred": {
      "version": "1.1.0",
      "resolved": "https://registry.npmjs.org/@redux-saga/deferred/-/deferred-1.1.0.tgz",
      "integrity": "sha512-wOCJCby3hx14bvrEeFLJ1JJTjJdXDJyC+B3JQ6eiqgzNghylbf969lIYmS2Arf2QuALfUtRBNPXBIMDKG9km4g=="
    },
    "@redux-saga/delay-p": {
      "version": "1.1.0",
      "resolved": "https://registry.npmjs.org/@redux-saga/delay-p/-/delay-p-1.1.0.tgz",
      "integrity": "sha512-BcRwXs20kKjgiYEwZARkpVoRIe/hHftW3iwPhdeW4/jPyR9gLv/vG8VsJMF5NDEch+/w/mJtdgSubq+wtOS47g==",
      "requires": {
        "@redux-saga/symbols": "^1.1.0"
      }
    },
    "@redux-saga/is": {
      "version": "1.1.0",
      "resolved": "https://registry.npmjs.org/@redux-saga/is/-/is-1.1.0.tgz",
      "integrity": "sha512-0uFXWGSvDCfNBdROHwEVixNhFbI3S+UGBQfcPXQiYL+CjIjyR3DTg2Z+NFH9xzP+H4Oh/yGtTHDhC0GxYp7HQQ==",
      "requires": {
        "@redux-saga/symbols": "^1.1.0",
        "@redux-saga/types": "^1.1.0"
      }
    },
    "@redux-saga/symbols": {
      "version": "1.1.0",
      "resolved": "https://registry.npmjs.org/@redux-saga/symbols/-/symbols-1.1.0.tgz",
      "integrity": "sha512-Fzw1wV3j4hbac3MYmgNE18Z53URmQZeilTHZLF7Lm4SQ1jG4fcU47v2kElsEbQXUSaFqj+uJqdRzmDGNb6pRwQ=="
    },
    "@redux-saga/types": {
      "version": "1.1.0",
      "resolved": "https://registry.npmjs.org/@redux-saga/types/-/types-1.1.0.tgz",
      "integrity": "sha512-afmTuJrylUU/0OtqzaRkbyYFFNgCF73Bvel/sw90pvGrWIZ+vyoIJqA6eMSoA6+nb443kTmulmBtC9NerXboNg=="
    },
    "js-tokens": {
      "version": "4.0.0",
      "resolved": "https://registry.npmjs.org/js-tokens/-/js-tokens-4.0.0.tgz",
      "integrity": "sha512-RdJUflcE3cUzKiMqQgsCu06FPu9UdIJO0beYbPhHN4k6apgJtifcoCtT9bcxOpYBtpD2kCM6Sbzg4CausW/PKQ=="
    },
    "loose-envify": {
      "version": "1.4.0",
      "resolved": "https://registry.npmjs.org/loose-envify/-/loose-envify-1.4.0.tgz",
      "integrity": "sha512-lyuxPGr/Wfhrlem2CL/UcnUc1zcqKAImBDzukY7Y5F/yQiNdko6+fRLevlw1HgMySw7f611UIY408EtxRSoK3Q==",
      "requires": {
        "js-tokens": "^3.0.0 || ^4.0.0"
      }
    },
    "redux": {
      "version": "4.0.4",
      "resolved": "https://registry.npmjs.org/redux/-/redux-4.0.4.tgz",
      "integrity": "sha512-vKv4WdiJxOWKxK0yRoaK3Y4pxxB0ilzVx6dszU2W8wLxlb2yikRph4iV/ymtdJ6ZxpBLFbyrxklnT5yBbQSl3Q==",
      "requires": {
        "loose-envify": "^1.4.0",
        "symbol-observable": "^1.2.0"
      }
    },
    "redux-saga": {
      "version": "1.1.1",
      "requires": {
        "@redux-saga/core": "^1.1.1"
      }
    },
    "regenerator-runtime": {
      "version": "0.13.3",
      "resolved": "https://registry.npmjs.org/regenerator-runtime/-/regenerator-runtime-0.13.3.tgz",
      "integrity": "sha512-naKIZz2GQ8JWh///G7L3X6LaQUAMp2lvb1rvwwsURe/VXwD6VMfr+/1NuNw3ag8v2kY1aQ/go5SNn79O9JU7yw=="
    },
    "symbol-observable": {
      "version": "1.2.0",
      "resolved": "https://registry.npmjs.org/symbol-observable/-/symbol-observable-1.2.0.tgz",
      "integrity": "sha512-e900nM8RRtGhlV36KGEU9k65K3mPb1WV70OdjfxlG2EAuM1noi/E/BaW/uMhL7bPEssK8QV57vN3esixjUvcXQ=="
    },
    "typesafe-actions": {
      "version": "4.4.2"
    },
    "typescript-compare": {
      "version": "0.0.2",
      "resolved": "https://registry.npmjs.org/typescript-compare/-/typescript-compare-0.0.2.tgz",
      "integrity": "sha512-8ja4j7pMHkfLJQO2/8tut7ub+J3Lw2S3061eJLFQcvs3tsmJKp8KG5NtpLn7KcY2w08edF74BSVN7qJS0U6oHA==",
      "requires": {
        "typescript-logic": "^0.0.0"
      }
    },
    "typescript-logic": {
      "version": "0.0.0",
      "resolved": "https://registry.npmjs.org/typescript-logic/-/typescript-logic-0.0.0.tgz",
      "integrity": "sha512-zXFars5LUkI3zP492ls0VskH3TtdeHCqu0i7/duGt60i5IGPIpAHE/DWo5FqJ6EjQ15YKXrt+AETjv60Dat34Q=="
    },
    "typescript-tuple": {
      "version": "2.2.1",
      "resolved": "https://registry.npmjs.org/typescript-tuple/-/typescript-tuple-2.2.1.tgz",
      "integrity": "sha512-Zcr0lbt8z5ZdEzERHAMAniTiIKerFCMgd7yjq1fPnDJ43et/k9twIFQMUYff9k5oXcsQ0WpvFcgzK2ZKASoW6Q==",
      "requires": {
        "typescript-compare": "^0.0.2"
      }
    },
    "uuid": {
      "version": "3.3.3"
    }
  }
}
