# THIS IS AN AUTOGENERATED FILE. DO NOT EDIT THIS FILE DIRECTLY.
# yarn lockfile v1


"@babel/runtime@^7.6.0":
  version "7.6.3"
  resolved "https://registry.yarnpkg.com/@babel/runtime/-/runtime-7.6.3.tgz#935122c74c73d2240cafd32ddb5fc2a6cd35cf1f"
  dependencies:
    regenerator-runtime "^0.13.2"

"@fndebrid/real-debrid@file:../real-debrid":
  version "1.0.0"

"@redux-saga/core@^1.1.1":
  version "1.1.1"
  resolved "https://registry.yarnpkg.com/@redux-saga/core/-/core-1.1.1.tgz#72432130630cca08260086ffc564c2aa5488a0a2"
  dependencies:
    "@babel/runtime" "^7.6.0"
    "@redux-saga/deferred" "^1.1.0"
    "@redux-saga/delay-p" "^1.1.0"
    "@redux-saga/is" "^1.1.0"
    "@redux-saga/symbols" "^1.1.0"
    "@redux-saga/types" "^1.1.0"
    redux "^4.0.4"
    typescript-tuple "^2.2.1"

"@redux-saga/deferred@^1.1.0":
  version "1.1.0"
  resolved "https://registry.yarnpkg.com/@redux-saga/deferred/-/deferred-1.1.0.tgz#aff018f64a936c288c18bd64ddf9ccfa143db6b4"

"@redux-saga/delay-p@^1.1.0":
  version "1.1.0"
  resolved "https://registry.yarnpkg.com/@redux-saga/delay-p/-/delay-p-1.1.0.tgz#4024f979d0f78763d2e90233be8c922781ae4400"
  dependencies:
    "@redux-saga/symbols" "^1.1.0"

"@redux-saga/is@^1.1.0":
  version "1.1.0"
  resolved "https://registry.yarnpkg.com/@redux-saga/is/-/is-1.1.0.tgz#d74358364ebde160bf1b8bd94903ff7684b12d41"
  dependencies:
    "@redux-saga/symbols" "^1.1.0"
    "@redux-saga/types" "^1.1.0"

"@redux-saga/symbols@^1.1.0":
  version "1.1.0"
  resolved "https://registry.yarnpkg.com/@redux-saga/symbols/-/symbols-1.1.0.tgz#676b277cb5deb48ce723b2b394cbae97f82e8319"

"@redux-saga/types@^1.1.0":
  version "1.1.0"
  resolved "https://registry.yarnpkg.com/@redux-saga/types/-/types-1.1.0.tgz#0e81ce56b4883b4b2a3001ebe1ab298b84237204"

"js-tokens@^3.0.0 || ^4.0.0":
  version "4.0.0"
  resolved "https://registry.yarnpkg.com/js-tokens/-/js-tokens-4.0.0.tgz#19203fb59991df98e3a287050d4647cdeaf32499"

loose-envify@^1.4.0:
  version "1.4.0"
  resolved "https://registry.yarnpkg.com/loose-envify/-/loose-envify-1.4.0.tgz#71ee51fa7be4caec1a63839f7e682d8132d30caf"
  dependencies:
    js-tokens "^3.0.0 || ^4.0.0"

redux-saga@^1.1.1:
  version "1.1.1"
  resolved "https://registry.yarnpkg.com/redux-saga/-/redux-saga-1.1.1.tgz#7e02879beb02c92030b5fbe746fd70e8bda97dfb"
  dependencies:
    "@redux-saga/core" "^1.1.1"

redux@^4.0.4:
  version "4.0.4"
  resolved "https://registry.yarnpkg.com/redux/-/redux-4.0.4.tgz#4ee1aeb164b63d6a1bcc57ae4aa0b6e6fa7a3796"
  dependencies:
    loose-envify "^1.4.0"
    symbol-observable "^1.2.0"

regenerator-runtime@^0.13.2:
  version "0.13.3"
  resolved "https://registry.yarnpkg.com/regenerator-runtime/-/regenerator-runtime-0.13.3.tgz#7cf6a77d8f5c6f60eb73c5fc1955b2ceb01e6bf5"

symbol-observable@^1.2.0:
  version "1.2.0"
  resolved "https://registry.yarnpkg.com/symbol-observable/-/symbol-observable-1.2.0.tgz#c22688aed4eab3cdc2dfeacbb561660560a00804"

typesafe-actions@^4.4.2:
  version "4.4.2"
  resolved "https://registry.yarnpkg.com/typesafe-actions/-/typesafe-actions-4.4.2.tgz#8f817c479d12130b5ebb442032968b2a18929e1a"

typescript-compare@^0.0.2:
  version "0.0.2"
  resolved "https://registry.yarnpkg.com/typescript-compare/-/typescript-compare-0.0.2.tgz#7ee40a400a406c2ea0a7e551efd3309021d5f425"
  dependencies:
    typescript-logic "^0.0.0"

typescript-logic@^0.0.0:
  version "0.0.0"
  resolved "https://registry.yarnpkg.com/typescript-logic/-/typescript-logic-0.0.0.tgz#66ebd82a2548f2b444a43667bec120b496890196"

typescript-tuple@^2.2.1:
  version "2.2.1"
  resolved "https://registry.yarnpkg.com/typescript-tuple/-/typescript-tuple-2.2.1.tgz#7d9813fb4b355f69ac55032e0363e8bb0f04dad2"
  dependencies:
    typescript-compare "^0.0.2"

uuid@^3.3.3:
  version "3.3.3"
  resolved "https://registry.yarnpkg.com/uuid/-/uuid-3.3.3.tgz#4568f0216e78760ee1dbf3a4d2cf53e224112866"
